{
  "name": "piac-test",
  "lockfileVersion": 3,
  "requires": true,
  "packages": {
    "": {
      "name": "piac-test",
      "dependencies": {
        "jsmin": "^1.0.1"
      },
      "devDependencies": {
        "@types/serviceworker": "^0.0.128"
      }
    },
    "node_modules/@types/serviceworker": {
      "version": "0.0.128",
      "resolved": "https://registry.npmjs.org/@types/serviceworker/-/serviceworker-0.0.128.tgz",
      "integrity": "sha512-oC/qIpO+ZeIZo0DLOpN4I2qrMDo/UZ3RAS0hZAzZ5p0f+8Qzbia2P/TVuru36xY+xboLgdHuYydOqkuyuWa0BQ==",
      "dev": true,
      "license": "Apache-2.0"
    },
    "node_modules/jsmin": {
      "version": "1.0.1",
      "resolved": "https://registry.npmjs.org/jsmin/-/jsmin-1.0.1.tgz",
      "integrity": "sha512-OPuL5X/bFKgVdMvEIX3hnpx3jbVpFCrEM8pKPXjFkZUqg521r41ijdyTz7vACOhW6o1neVlcLyd+wkbK5fNHRg==",
      "license": "Doug Crockford's license that allows this module to be used for Good but not for Evil",
      "bin": {
        "jsmin": "bin/jsmin"
      },
      "engines": {
        "node": ">=0.1.93"
      }
    }
  }
}
