{
  "name": "piac-test",
  "lockfileVersion": 3,
  "requires": true,
  "packages": {
    "": {
      "name": "piac-test",
      "devDependencies": {
        "@types/serviceworker": "^0.0.128"
      }
    },
    "node_modules/@types/serviceworker": {
      "version": "0.0.128",
      "resolved": "https://registry.npmjs.org/@types/serviceworker/-/serviceworker-0.0.128.tgz",
      "integrity": "sha512-oC/qIpO+ZeIZo0DLOpN4I2qrMDo/UZ3RAS0hZAzZ5p0f+8Qzbia2P/TVuru36xY+xboLgdHuYydOqkuyuWa0BQ==",
      "dev": true,
      "license": "Apache-2.0"
    }
  }
}
